
Microsoft Visual Studio Solution File, Format Version 12.00
# Visual Studio 15
VisualStudioVersion = 15.0.27703.2035
MinimumVisualStudioVersion = 10.0.40219.1
Project("{FAE04EC0-301F-11D3-BF4B-00C04F79EFBC}") = "Teste_Pratico", "Teste_Pratico\Teste_Pratico.csproj", "{79438C3A-327E-4E91-A076-F5085286B649}"
EndProject
Global
	GlobalSection(SolutionConfigurationPlatforms) = preSolution
		Debug|Any CPU = Debug|Any CPU
		Release|Any CPU = Release|Any CPU
	EndGlobalSection
	GlobalSection(ProjectConfigurationPlatforms) = postSolution
		{79438C3A-327E-4E91-A076-F5085286B649}.Debug|Any CPU.ActiveCfg = Debug|Any CPU
		{79438C3A-327E-4E91-A076-F5085286B649}.Debug|Any CPU.Build.0 = Debug|Any CPU
		{79438C3A-327E-4E91-A076-F5085286B649}.Release|Any CPU.ActiveCfg = Release|Any CPU
		{79438C3A-327E-4E91-A076-F5085286B649}.Release|Any CPU.Build.0 = Release|Any CPU
	EndGlobalSection
	GlobalSection(SolutionProperties) = preSolution
		HideSolutionNode = FALSE
	EndGlobalSection
	GlobalSection(ExtensibilityGlobals) = postSolution
		SolutionGuid = {4CAF738F-1946-4215-96F6-70DBC18FFC83}
	EndGlobalSection
EndGlobal
